
Microsoft Visual Studio Solution File, Format Version 12.00
# Visual Studio Version 16
VisualStudioVersion = 16.0.31515.178
MinimumVisualStudioVersion = 10.0.40219.1
Project("{FAE04EC0-301F-11D3-BF4B-00C04F79EFBC}") = "Amnesty_v01", "Amnesty_v01\Amnesty_v01.csproj", "{EBF65230-4C28-4869-A50A-659DD4FF838A}"
EndProject
Global
	GlobalSection(SolutionConfigurationPlatforms) = preSolution
		Debug|Any CPU = Debug|Any CPU
		Release|Any CPU = Release|Any CPU
	EndGlobalSection
	GlobalSection(ProjectConfigurationPlatforms) = postSolution
		{EBF65230-4C28-4869-A50A-659DD4FF838A}.Debug|Any CPU.ActiveCfg = Debug|Any CPU
		{EBF65230-4C28-4869-A50A-659DD4FF838A}.Debug|Any CPU.Build.0 = Debug|Any CPU
		{EBF65230-4C28-4869-A50A-659DD4FF838A}.Release|Any CPU.ActiveCfg = Release|Any CPU
		{EBF65230-4C28-4869-A50A-659DD4FF838A}.Release|Any CPU.Build.0 = Release|Any CPU
	EndGlobalSection
	GlobalSection(SolutionProperties) = preSolution
		HideSolutionNode = FALSE
	EndGlobalSection
	GlobalSection(ExtensibilityGlobals) = postSolution
		SolutionGuid = {AF943CBF-CD5F-45C5-B3C6-6789D4468BA5}
	EndGlobalSection
EndGlobal
